{
  "nodes": {
    "nixpkgs": {
      "locked": {
        "lastModified": 1627391865,
        "narHash": "sha256-tPoWBO9Nzu3wuX37WcnctzL6LoDCErJLnfLGqqmXCm4=",
        "owner": "nixos",
        "repo": "nixpkgs",
        "rev": "8ecc61c91a596df7d3293603a9c2384190c1b89a",
        "type": "github"
      },
      "original": {
        "owner": "nixos",
        "ref": "nixos-unstable",
        "repo": "nixpkgs",
        "type": "github"
      }
    },
    "root": {
      "inputs": {
        "nixpkgs": "nixpkgs",
        "yz-flake-utils": "yz-flake-utils"
      }
    },
    "yz-flake-utils": {
      "locked": {
        "lastModified": 1623915702,
        "narHash": "sha256-BJA+aBQZJBeQ5t0TaoLSCL5ZG0AzH5lIgokGCb64nrk=",
        "owner": "YZITE",
        "repo": "flake-utils",
        "rev": "b26662a1f52046434d58daf133e814cf372fc9a4",
        "type": "github"
      },
      "original": {
        "owner": "YZITE",
        "repo": "flake-utils",
        "type": "github"
      }
    }
  },
  "root": "root",
  "version": 7
}
